
Microsoft Visual Studio Solution File, Format Version 12.00
# Visual Studio Version 17
VisualStudioVersion = 17.4.33122.133
MinimumVisualStudioVersion = 10.0.40219.1
Project("{FAE04EC0-301F-11D3-BF4B-00C04F79EFBC}") = "WebApplication1", "WebApplication1.csproj", "{68006706-C4E3-4C4A-842A-42E50CB38439}"
EndProject
Global
	GlobalSection(SolutionConfigurationPlatforms) = preSolution
		Debug|Any CPU = Debug|Any CPU
		Release|Any CPU = Release|Any CPU
	EndGlobalSection
	GlobalSection(ProjectConfigurationPlatforms) = postSolution
		{68006706-C4E3-4C4A-842A-42E50CB38439}.Debug|Any CPU.ActiveCfg = Debug|Any CPU
		{68006706-C4E3-4C4A-842A-42E50CB38439}.Debug|Any CPU.Build.0 = Debug|Any CPU
		{68006706-C4E3-4C4A-842A-42E50CB38439}.Release|Any CPU.ActiveCfg = Release|Any CPU
		{68006706-C4E3-4C4A-842A-42E50CB38439}.Release|Any CPU.Build.0 = Release|Any CPU
	EndGlobalSection
	GlobalSection(SolutionProperties) = preSolution
		HideSolutionNode = FALSE
	EndGlobalSection
	GlobalSection(ExtensibilityGlobals) = postSolution
		SolutionGuid = {57DC231D-84ED-4D03-8A6A-A2EF9AEA19C9}
	EndGlobalSection
EndGlobal
